
Microsoft Visual Studio Solution File, Format Version 12.00
# Visual Studio 15
VisualStudioVersion = 15.0.27703.2035
MinimumVisualStudioVersion = 10.0.40219.1
Project("{888888A0-9F3D-457C-B088-3A5042F75D52}") = "ganimedes_alpha", "ganimedes\ganimedes.pyproj", "{551A09F6-48EF-4307-9120-64425CC6EF12}"
EndProject
Global
	GlobalSection(SolutionConfigurationPlatforms) = preSolution
		Debug|Any CPU = Debug|Any CPU
		Release|Any CPU = Release|Any CPU
	EndGlobalSection
	GlobalSection(ProjectConfigurationPlatforms) = postSolution
		{551A09F6-48EF-4307-9120-64425CC6EF12}.Debug|Any CPU.ActiveCfg = Debug|Any CPU
		{551A09F6-48EF-4307-9120-64425CC6EF12}.Debug|Any CPU.Build.0 = Debug|Any CPU
		{551A09F6-48EF-4307-9120-64425CC6EF12}.Release|Any CPU.ActiveCfg = Release|Any CPU
		{551A09F6-48EF-4307-9120-64425CC6EF12}.Release|Any CPU.Build.0 = Release|Any CPU
	EndGlobalSection
	GlobalSection(SolutionProperties) = preSolution
		HideSolutionNode = FALSE
	EndGlobalSection
	GlobalSection(ExtensibilityGlobals) = postSolution
		SolutionGuid = {2C23AD59-E87F-4D1E-B541-18A18165A0E8}
	EndGlobalSection
EndGlobal
